
Microsoft Visual Studio Solution File, Format Version 12.00
# Visual Studio Version 17
VisualStudioVersion = 17.1.32228.430
MinimumVisualStudioVersion = 10.0.40219.1
Project("{8BC9CEB8-8B4A-11D0-8D11-00A0C91BC942}") = "Chapter3_1_DrawingCube", "Chapter3_1_DrawingCube\Chapter3_1_DrawingCube.vcxproj", "{ECE11B48-357B-4393-9BAB-B0C56BEECACE}"
EndProject
Global
	GlobalSection(SolutionConfigurationPlatforms) = preSolution
		Debug|x64 = Debug|x64
		Debug|x86 = Debug|x86
		Release|x64 = Release|x64
		Release|x86 = Release|x86
	EndGlobalSection
	GlobalSection(ProjectConfigurationPlatforms) = postSolution
		{ECE11B48-357B-4393-9BAB-B0C56BEECACE}.Debug|x64.ActiveCfg = Debug|x64
		{ECE11B48-357B-4393-9BAB-B0C56BEECACE}.Debug|x64.Build.0 = Debug|x64
		{ECE11B48-357B-4393-9BAB-B0C56BEECACE}.Debug|x86.ActiveCfg = Debug|Win32
		{ECE11B48-357B-4393-9BAB-B0C56BEECACE}.Debug|x86.Build.0 = Debug|Win32
		{ECE11B48-357B-4393-9BAB-B0C56BEECACE}.Release|x64.ActiveCfg = Release|x64
		{ECE11B48-357B-4393-9BAB-B0C56BEECACE}.Release|x64.Build.0 = Release|x64
		{ECE11B48-357B-4393-9BAB-B0C56BEECACE}.Release|x86.ActiveCfg = Release|Win32
		{ECE11B48-357B-4393-9BAB-B0C56BEECACE}.Release|x86.Build.0 = Release|Win32
	EndGlobalSection
	GlobalSection(SolutionProperties) = preSolution
		HideSolutionNode = FALSE
	EndGlobalSection
	GlobalSection(ExtensibilityGlobals) = postSolution
		SolutionGuid = {DB8CBA8C-C2C4-4AB5-98E8-10C91FDBB6EA}
	EndGlobalSection
EndGlobal
