
Microsoft Visual Studio Solution File, Format Version 12.00
# Visual Studio Version 17
VisualStudioVersion = 17.1.32228.430
MinimumVisualStudioVersion = 10.0.40219.1
Project("{8BC9CEB8-8B4A-11D0-8D11-00A0C91BC942}") = "Chapter9_Font3D", "Chapter9_Font3D\Chapter9_Font3D.vcxproj", "{6CBCED9E-64C4-49CB-80D0-B07B9142B55B}"
EndProject
Global
	GlobalSection(SolutionConfigurationPlatforms) = preSolution
		Debug|x64 = Debug|x64
		Debug|x86 = Debug|x86
		Release|x64 = Release|x64
		Release|x86 = Release|x86
	EndGlobalSection
	GlobalSection(ProjectConfigurationPlatforms) = postSolution
		{6CBCED9E-64C4-49CB-80D0-B07B9142B55B}.Debug|x64.ActiveCfg = Debug|x64
		{6CBCED9E-64C4-49CB-80D0-B07B9142B55B}.Debug|x64.Build.0 = Debug|x64
		{6CBCED9E-64C4-49CB-80D0-B07B9142B55B}.Debug|x86.ActiveCfg = Debug|Win32
		{6CBCED9E-64C4-49CB-80D0-B07B9142B55B}.Debug|x86.Build.0 = Debug|Win32
		{6CBCED9E-64C4-49CB-80D0-B07B9142B55B}.Release|x64.ActiveCfg = Release|x64
		{6CBCED9E-64C4-49CB-80D0-B07B9142B55B}.Release|x64.Build.0 = Release|x64
		{6CBCED9E-64C4-49CB-80D0-B07B9142B55B}.Release|x86.ActiveCfg = Release|Win32
		{6CBCED9E-64C4-49CB-80D0-B07B9142B55B}.Release|x86.Build.0 = Release|Win32
	EndGlobalSection
	GlobalSection(SolutionProperties) = preSolution
		HideSolutionNode = FALSE
	EndGlobalSection
	GlobalSection(ExtensibilityGlobals) = postSolution
		SolutionGuid = {DCFF7D7E-B396-4C53-A4BC-30DB1094E2EF}
	EndGlobalSection
EndGlobal
